
Microsoft Visual Studio Solution File, Format Version 12.00
# Visual Studio 15
VisualStudioVersion = 15.0.28010.2048
MinimumVisualStudioVersion = 10.0.40219.1
Project("{FAE04EC0-301F-11D3-BF4B-00C04F79EFBC}") = "CA20200923_2", "CA20200923_2\CA20200923_2.csproj", "{6E8A2888-E15E-4E28-B2BB-CC802E22417C}"
EndProject
Global
	GlobalSection(SolutionConfigurationPlatforms) = preSolution
		Debug|Any CPU = Debug|Any CPU
		Release|Any CPU = Release|Any CPU
	EndGlobalSection
	GlobalSection(ProjectConfigurationPlatforms) = postSolution
		{6E8A2888-E15E-4E28-B2BB-CC802E22417C}.Debug|Any CPU.ActiveCfg = Debug|Any CPU
		{6E8A2888-E15E-4E28-B2BB-CC802E22417C}.Debug|Any CPU.Build.0 = Debug|Any CPU
		{6E8A2888-E15E-4E28-B2BB-CC802E22417C}.Release|Any CPU.ActiveCfg = Release|Any CPU
		{6E8A2888-E15E-4E28-B2BB-CC802E22417C}.Release|Any CPU.Build.0 = Release|Any CPU
	EndGlobalSection
	GlobalSection(SolutionProperties) = preSolution
		HideSolutionNode = FALSE
	EndGlobalSection
	GlobalSection(ExtensibilityGlobals) = postSolution
		SolutionGuid = {790352B2-5B6E-4FB6-8562-44477CBF75B9}
	EndGlobalSection
EndGlobal
